// !$*UTF8*$!
{
	archiveVersion = 1;
	classes = {
	};
	objectVersion = 46;
	objects = {

/* Begin PBXBuildFile section */
		D6F1C5E41E7789EB00CF727D /* AppDelegate.swift in Sources */ = {isa = PBXBuildFile; fileRef = D6F1C5E31E7789EB00CF727D /* AppDelegate.swift */; };
		D6F1C5E61E7789EB00CF727D /* ViewController.swift in Sources */ = {isa = PBXBuildFile; fileRef = D6F1C5E51E7789EB00CF727D /* ViewController.swift */; };
		D6F1C5E91E7789EB00CF727D /* Main.storyboard in Resources */ = {isa = PBXBuildFile; fileRef = D6F1C5E71E7789EB00CF727D /* Main.storyboard */; };
		D6F1C5EB1E7789EB00CF727D /* Assets.xcassets in Resources */ = {isa = PBXBuildFile; fileRef = D6F1C5EA1E7789EB00CF727D /* Assets.xcassets */; };
		D6F1C5EE1E7789EB00CF727D /* LaunchScreen.storyboard in Resources */ = {isa = PBXBuildFile; fileRef = D6F1C5EC1E7789EB00CF727D /* LaunchScreen.storyboard */; };
		D6F1C5F71E778C3C00CF727D /* 1.png in Resources */ = {isa = PBXBuildFile; fileRef = D6F1C5F61E778C3C00CF727D /* 1.png */; };
		D6F1C5F91E778C4200CF727D /* 2.png in Resources */ = {isa = PBXBuildFile; fileRef = D6F1C5F81E778C4200CF727D /* 2.png */; };
		D6F1C5FB1E778C4700CF727D /* 3.png in Resources */ = {isa = PBXBuildFile; fileRef = D6F1C5FA1E778C4700CF727D /* 3.png */; };
		D6F1C5FD1E778C4C00CF727D /* 4.png in Resources */ = {isa = PBXBuildFile; fileRef = D6F1C5FC1E778C4C00CF727D /* 4.png */; };
		D6F1C5FF1E778C5000CF727D /* 5.png in Resources */ = {isa = PBXBuildFile; fileRef = D6F1C5FE1E778C5000CF727D /* 5.png */; };
		D6F1C6011E778C5500CF727D /* 6.png in Resources */ = {isa = PBXBuildFile; fileRef = D6F1C6001E778C5500CF727D /* 6.png */; };
		D6F1C6031E778C5900CF727D /* 7.png in Resources */ = {isa = PBXBuildFile; fileRef = D6F1C6021E778C5900CF727D /* 7.png */; };
		D6F1C6051E778C5E00CF727D /* 8.png in Resources */ = {isa = PBXBuildFile; fileRef = D6F1C6041E778C5E00CF727D /* 8.png */; };
		D6F1C6071E778C6900CF727D /* circle.png in Resources */ = {isa = PBXBuildFile; fileRef = D6F1C6061E778C6900CF727D /* circle.png */; };
		D6F1C6091E778C6F00CF727D /* main.png in Resources */ = {isa = PBXBuildFile; fileRef = D6F1C6081E778C6F00CF727D /* main.png */; };
		D6F1C60B1E7794FA00CF727D /* CirclePanView.swift in Sources */ = {isa = PBXBuildFile; fileRef = D6F1C60A1E7794FA00CF727D /* CirclePanView.swift */; };
/* End PBXBuildFile section */

/* Begin PBXFileReference section */
		D6F1C5E01E7789EB00CF727D /* CirclePan.app */ = {isa = PBXFileReference; explicitFileType = wrapper.application; includeInIndex = 0; path = CirclePan.app; sourceTree = BUILT_PRODUCTS_DIR; };
		D6F1C5E31E7789EB00CF727D /* AppDelegate.swift */ = {isa = PBXFileReference; lastKnownFileType = sourcecode.swift; path = AppDelegate.swift; sourceTree = "<group>"; };
		D6F1C5E51E7789EB00CF727D /* ViewController.swift */ = {isa = PBXFileReference; lastKnownFileType = sourcecode.swift; path = ViewController.swift; sourceTree = "<group>"; };
		D6F1C5E81E7789EB00CF727D /* Base */ = {isa = PBXFileReference; lastKnownFileType = file.storyboard; name = Base; path = Base.lproj/Main.storyboard; sourceTree = "<group>"; };
		D6F1C5EA1E7789EB00CF727D /* Assets.xcassets */ = {isa = PBXFileReference; lastKnownFileType = folder.assetcatalog; path = Assets.xcassets; sourceTree = "<group>"; };
		D6F1C5ED1E7789EB00CF727D /* Base */ = {isa = PBXFileReference; lastKnownFileType = file.storyboard; name = Base; path = Base.lproj/LaunchScreen.storyboard; sourceTree = "<group>"; };
		D6F1C5EF1E7789EB00CF727D /* Info.plist */ = {isa = PBXFileReference; lastKnownFileType = text.plist.xml; path = Info.plist; sourceTree = "<group>"; };
		D6F1C5F61E778C3C00CF727D /* 1.png */ = {isa = PBXFileReference; lastKnownFileType = image.png; path = 1.png; sourceTree = "<group>"; };
		D6F1C5F81E778C4200CF727D /* 2.png */ = {isa = PBXFileReference; lastKnownFileType = image.png; path = 2.png; sourceTree = "<group>"; };
		D6F1C5FA1E778C4700CF727D /* 3.png */ = {isa = PBXFileReference; lastKnownFileType = image.png; path = 3.png; sourceTree = "<group>"; };
		D6F1C5FC1E778C4C00CF727D /* 4.png */ = {isa = PBXFileReference; lastKnownFileType = image.png; path = 4.png; sourceTree = "<group>"; };
		D6F1C5FE1E778C5000CF727D /* 5.png */ = {isa = PBXFileReference; lastKnownFileType = image.png; path = 5.png; sourceTree = "<group>"; };
		D6F1C6001E778C5500CF727D /* 6.png */ = {isa = PBXFileReference; lastKnownFileType = image.png; path = 6.png; sourceTree = "<group>"; };
		D6F1C6021E778C5900CF727D /* 7.png */ = {isa = PBXFileReference; lastKnownFileType = image.png; path = 7.png; sourceTree = "<group>"; };
		D6F1C6041E778C5E00CF727D /* 8.png */ = {isa = PBXFileReference; lastKnownFileType = image.png; path = 8.png; sourceTree = "<group>"; };
		D6F1C6061E778C6900CF727D /* circle.png */ = {isa = PBXFileReference; lastKnownFileType = image.png; path = circle.png; sourceTree = "<group>"; };
		D6F1C6081E778C6F00CF727D /* main.png */ = {isa = PBXFileReference; lastKnownFileType = image.png; path = main.png; sourceTree = "<group>"; };
		D6F1C60A1E7794FA00CF727D /* CirclePanView.swift */ = {isa = PBXFileReference; fileEncoding = 4; lastKnownFileType = sourcecode.swift; path = CirclePanView.swift; sourceTree = "<group>"; };
/* End PBXFileReference section */

/* Begin PBXFrameworksBuildPhase section */
		D6F1C5DD1E7789EB00CF727D /* Frameworks */ = {
			isa = PBXFrameworksBuildPhase;
			buildActionMask = 2147483647;
			files = (
			);
			runOnlyForDeploymentPostprocessing = 0;
		};
/* End PBXFrameworksBuildPhase section */

/* Begin PBXGroup section */
		D6F1C5D71E7789EB00CF727D = {
			isa = PBXGroup;
			children = (
				D6F1C5E21E7789EB00CF727D /* CirclePan */,
				D6F1C5E11E7789EB00CF727D /* Products */,
			);
			sourceTree = "<group>";
		};
		D6F1C5E11E7789EB00CF727D /* Products */ = {
			isa = PBXGroup;
			children = (
				D6F1C5E01E7789EB00CF727D /* CirclePan.app */,
			);
			name = Products;
			sourceTree = "<group>";
		};
		D6F1C5E21E7789EB00CF727D /* CirclePan */ = {
			isa = PBXGroup;
			children = (
				D6F1C5F51E778C3400CF727D /* imgs */,
				D6F1C5E31E7789EB00CF727D /* AppDelegate.swift */,
				D6F1C5E51E7789EB00CF727D /* ViewController.swift */,
				D6F1C60A1E7794FA00CF727D /* CirclePanView.swift */,
				D6F1C5E71E7789EB00CF727D /* Main.storyboard */,
				D6F1C5EA1E7789EB00CF727D /* Assets.xcassets */,
				D6F1C5EC1E7789EB00CF727D /* LaunchScreen.storyboard */,
				D6F1C5EF1E7789EB00CF727D /* Info.plist */,
			);
			path = CirclePan;
			sourceTree = "<group>";
		};
		D6F1C5F51E778C3400CF727D /* imgs */ = {
			isa = PBXGroup;
			children = (
				D6F1C5F61E778C3C00CF727D /* 1.png */,
				D6F1C5F81E778C4200CF727D /* 2.png */,
				D6F1C5FA1E778C4700CF727D /* 3.png */,
				D6F1C5FC1E778C4C00CF727D /* 4.png */,
				D6F1C5FE1E778C5000CF727D /* 5.png */,
				D6F1C6001E778C5500CF727D /* 6.png */,
				D6F1C6021E778C5900CF727D /* 7.png */,
				D6F1C6041E778C5E00CF727D /* 8.png */,
				D6F1C6061E778C6900CF727D /* circle.png */,
				D6F1C6081E778C6F00CF727D /* main.png */,
			);
			name = imgs;
			sourceTree = "<group>";
		};
/* End PBXGroup section */

/* Begin PBXNativeTarget section */
		D6F1C5DF1E7789EB00CF727D /* CirclePan */ = {
			isa = PBXNativeTarget;
			buildConfigurationList = D6F1C5F21E7789EB00CF727D /* Build configuration list for PBXNativeTarget "CirclePan" */;
			buildPhases = (
				D6F1C5DC1E7789EB00CF727D /* Sources */,
				D6F1C5DD1E7789EB00CF727D /* Frameworks */,
				D6F1C5DE1E7789EB00CF727D /* Resources */,
			);
			buildRules = (
			);
			dependencies = (
			);
			name = CirclePan;
			productName = CirclePan;
			productReference = D6F1C5E01E7789EB00CF727D /* CirclePan.app */;
			productType = "com.apple.product-type.application";
		};
/* End PBXNativeTarget section */

/* Begin PBXProject section */
		D6F1C5D81E7789EB00CF727D /* Project object */ = {
			isa = PBXProject;
			attributes = {
				LastSwiftUpdateCheck = 0820;
				LastUpgradeCheck = 0820;
				ORGANIZATIONNAME = sqluo;
				TargetAttributes = {
					D6F1C5DF1E7789EB00CF727D = {
						CreatedOnToolsVersion = 8.2.1;
						DevelopmentTeam = NP7D9SC777;
						ProvisioningStyle = Automatic;
					};
				};
			};
			buildConfigurationList = D6F1C5DB1E7789EB00CF727D /* Build configuration list for PBXProject "CirclePan" */;
			compatibilityVersion = "Xcode 3.2";
			developmentRegion = English;
			hasScannedForEncodings = 0;
			knownRegions = (
				en,
				Base,
			);
			mainGroup = D6F1C5D71E7789EB00CF727D;
			productRefGroup = D6F1C5E11E7789EB00CF727D /* Products */;
			projectDirPath = "";
			projectRoot = "";
			targets = (
				D6F1C5DF1E7789EB00CF727D /* CirclePan */,
			);
		};
/* End PBXProject section */

/* Begin PBXResourcesBuildPhase section */
		D6F1C5DE1E7789EB00CF727D /* Resources */ = {
			isa = PBXResourcesBuildPhase;
			buildActionMask = 2147483647;
			files = (
				D6F1C6051E778C5E00CF727D /* 8.png in Resources */,
				D6F1C5EE1E7789EB00CF727D /* LaunchScreen.storyboard in Resources */,
				D6F1C5FD1E778C4C00CF727D /* 4.png in Resources */,
				D6F1C6071E778C6900CF727D /* circle.png in Resources */,
				D6F1C5F71E778C3C00CF727D /* 1.png in Resources */,
				D6F1C6011E778C5500CF727D /* 6.png in Resources */,
				D6F1C6091E778C6F00CF727D /* main.png in Resources */,
				D6F1C5F91E778C4200CF727D /* 2.png in Resources */,
				D6F1C5FB1E778C4700CF727D /* 3.png in Resources */,
				D6F1C5FF1E778C5000CF727D /* 5.png in Resources */,
				D6F1C6031E778C5900CF727D /* 7.png in Resources */,
				D6F1C5EB1E7789EB00CF727D /* Assets.xcassets in Resources */,
				D6F1C5E91E7789EB00CF727D /* Main.storyboard in Resources */,
			);
			runOnlyForDeploymentPostprocessing = 0;
		};
/* End PBXResourcesBuildPhase section */

/* Begin PBXSourcesBuildPhase section */
		D6F1C5DC1E7789EB00CF727D /* Sources */ = {
			isa = PBXSourcesBuildPhase;
			buildActionMask = 2147483647;
			files = (
				D6F1C5E61E7789EB00CF727D /* ViewController.swift in Sources */,
				D6F1C60B1E7794FA00CF727D /* CirclePanView.swift in Sources */,
				D6F1C5E41E7789EB00CF727D /* AppDelegate.swift in Sources */,
			);
			runOnlyForDeploymentPostprocessing = 0;
		};
/* End PBXSourcesBuildPhase section */

/* Begin PBXVariantGroup section */
		D6F1C5E71E7789EB00CF727D /* Main.storyboard */ = {
			isa = PBXVariantGroup;
			children = (
				D6F1C5E81E7789EB00CF727D /* Base */,
			);
			name = Main.storyboard;
			sourceTree = "<group>";
		};
		D6F1C5EC1E7789EB00CF727D /* LaunchScreen.storyboard */ = {
			isa = PBXVariantGroup;
			children = (
				D6F1C5ED1E7789EB00CF727D /* Base */,
			);
			name = LaunchScreen.storyboard;
			sourceTree = "<group>";
		};
/* End PBXVariantGroup section */

/* Begin XCBuildConfiguration section */
		D6F1C5F01E7789EB00CF727D /* Debug */ = {
			isa = XCBuildConfiguration;
			buildSettings = {
				ALWAYS_SEARCH_USER_PATHS = NO;
				CLANG_ANALYZER_NONNULL = YES;
				CLANG_CXX_LANGUAGE_STANDARD = "gnu++0x";
				CLANG_CXX_LIBRARY = "libc++";
				CLANG_ENABLE_MODULES = YES;
				CLANG_ENABLE_OBJC_ARC = YES;
				CLANG_WARN_BOOL_CONVERSION = YES;
				CLANG_WARN_CONSTANT_CONVERSION = YES;
				CLANG_WARN_DIRECT_OBJC_ISA_USAGE = YES_ERROR;
				CLANG_WARN_DOCUMENTATION_COMMENTS = YES;
				CLANG_WARN_EMPTY_BODY = YES;
				CLANG_WARN_ENUM_CONVERSION = YES;
				CLANG_WARN_INFINITE_RECURSION = YES;
				CLANG_WARN_INT_CONVERSION = YES;
				CLANG_WARN_OBJC_ROOT_CLASS = YES_ERROR;
				CLANG_WARN_SUSPICIOUS_MOVE = YES;
				CLANG_WARN_UNREACHABLE_CODE = YES;
				CLANG_WARN__DUPLICATE_METHOD_MATCH = YES;
				"CODE_SIGN_IDENTITY[sdk=iphoneos*]" = "iPhone Developer";
				COPY_PHASE_STRIP = NO;
				DEBUG_INFORMATION_FORMAT = dwarf;
				ENABLE_STRICT_OBJC_MSGSEND = YES;
				ENABLE_TESTABILITY = YES;
				GCC_C_LANGUAGE_STANDARD = gnu99;
				GCC_DYNAMIC_NO_PIC = NO;
				GCC_NO_COMMON_BLOCKS = YES;
				GCC_OPTIMIZATION_LEVEL = 0;
				GCC_PREPROCESSOR_DEFINITIONS = (
					"DEBUG=1",
					"$(inherited)",
				);
				GCC_WARN_64_TO_32_BIT_CONVERSION = YES;
				GCC_WARN_ABOUT_RETURN_TYPE = YES_ERROR;
				GCC_WARN_UNDECLARED_SELECTOR = YES;
				GCC_WARN_UNINITIALIZED_AUTOS = YES_AGGRESSIVE;
				GCC_WARN_UNUSED_FUNCTION = YES;
				GCC_WARN_UNUSED_VARIABLE = YES;
				IPHONEOS_DEPLOYMENT_TARGET = 10.2;
				MTL_ENABLE_DEBUG_INFO = YES;
				ONLY_ACTIVE_ARCH = YES;
				SDKROOT = iphoneos;
				SWIFT_ACTIVE_COMPILATION_CONDITIONS = DEBUG;
				SWIFT_OPTIMIZATION_LEVEL = "-Onone";
			};
			name = Debug;
		};
		D6F1C5F11E7789EB00CF727D /* Release */ = {
			isa = XCBuildConfiguration;
			buildSettings = {
				ALWAYS_SEARCH_USER_PATHS = NO;
				CLANG_ANALYZER_NONNULL = YES;
				CLANG_CXX_LANGUAGE_STANDARD = "gnu++0x";
				CLANG_CXX_LIBRARY = "libc++";
				CLANG_ENABLE_MODULES = YES;
				CLANG_ENABLE_OBJC_ARC = YES;
				CLANG_WARN_BOOL_CONVERSION = YES;
				CLANG_WARN_CONSTANT_CONVERSION = YES;
				CLANG_WARN_DIRECT_OBJC_ISA_USAGE = YES_ERROR;
				CLANG_WARN_DOCUMENTATION_COMMENTS = YES;
				CLANG_WARN_EMPTY_BODY = YES;
				CLANG_WARN_ENUM_CONVERSION = YES;
				CLANG_WARN_INFINITE_RECURSION = YES;
				CLANG_WARN_INT_CONVERSION = YES;
				CLANG_WARN_OBJC_ROOT_CLASS = YES_ERROR;
				CLANG_WARN_SUSPICIOUS_MOVE = YES;
				CLANG_WARN_UNREACHABLE_CODE = YES;
				CLANG_WARN__DUPLICATE_METHOD_MATCH = YES;
				"CODE_SIGN_IDENTITY[sdk=iphoneos*]" = "iPhone Developer";
				COPY_PHASE_STRIP = NO;
				DEBUG_INFORMATION_FORMAT = "dwarf-with-dsym";
				ENABLE_NS_ASSERTIONS = NO;
				ENABLE_STRICT_OBJC_MSGSEND = YES;
				GCC_C_LANGUAGE_STANDARD = gnu99;
				GCC_NO_COMMON_BLOCKS = YES;
				GCC_WARN_64_TO_32_BIT_CONVERSION = YES;
				GCC_WARN_ABOUT_RETURN_TYPE = YES_ERROR;
				GCC_WARN_UNDECLARED_SELECTOR = YES;
				GCC_WARN_UNINITIALIZED_AUTOS = YES_AGGRESSIVE;
				GCC_WARN_UNUSED_FUNCTION = YES;
				GCC_WARN_UNUSED_VARIABLE = YES;
				IPHONEOS_DEPLOYMENT_TARGET = 10.2;
				MTL_ENABLE_DEBUG_INFO = NO;
				SDKROOT = iphoneos;
				SWIFT_OPTIMIZATION_LEVEL = "-Owholemodule";
				VALIDATE_PRODUCT = YES;
			};
			name = Release;
		};
		D6F1C5F31E7789EB00CF727D /* Debug */ = {
			isa = XCBuildConfiguration;
			buildSettings = {
				ASSETCATALOG_COMPILER_APPICON_NAME = AppIcon;
				DEVELOPMENT_TEAM = NP7D9SC777;
				INFOPLIST_FILE = CirclePan/Info.plist;
				IPHONEOS_DEPLOYMENT_TARGET = 8.0;
				LD_RUNPATH_SEARCH_PATHS = "$(inherited) @executable_path/Frameworks";
				PRODUCT_BUNDLE_IDENTIFIER = com.sql.CirclePan;
				PRODUCT_NAME = "$(TARGET_NAME)";
				SWIFT_VERSION = 3.0;
			};
			name = Debug;
		};
		D6F1C5F41E7789EB00CF727D /* Release */ = {
			isa = XCBuildConfiguration;
			buildSettings = {
				ASSETCATALOG_COMPILER_APPICON_NAME = AppIcon;
				DEVELOPMENT_TEAM = NP7D9SC777;
				INFOPLIST_FILE = CirclePan/Info.plist;
				IPHONEOS_DEPLOYMENT_TARGET = 8.0;
				LD_RUNPATH_SEARCH_PATHS = "$(inherited) @executable_path/Frameworks";
				PRODUCT_BUNDLE_IDENTIFIER = com.sql.CirclePan;
				PRODUCT_NAME = "$(TARGET_NAME)";
				SWIFT_VERSION = 3.0;
			};
			name = Release;
		};
/* End XCBuildConfiguration section */

/* Begin XCConfigurationList section */
		D6F1C5DB1E7789EB00CF727D /* Build configuration list for PBXProject "CirclePan" */ = {
			isa = XCConfigurationList;
			buildConfigurations = (
				D6F1C5F01E7789EB00CF727D /* Debug */,
				D6F1C5F11E7789EB00CF727D /* Release */,
			);
			defaultConfigurationIsVisible = 0;
			defaultConfigurationName = Release;
		};
		D6F1C5F21E7789EB00CF727D /* Build configuration list for PBXNativeTarget "CirclePan" */ = {
			isa = XCConfigurationList;
			buildConfigurations = (
				D6F1C5F31E7789EB00CF727D /* Debug */,
				D6F1C5F41E7789EB00CF727D /* Release */,
			);
			defaultConfigurationIsVisible = 0;
		};
/* End XCConfigurationList section */
	};
	rootObject = D6F1C5D81E7789EB00CF727D /* Project object */;
}
